
Microsoft Visual Studio Solution File, Format Version 12.00
# Visual Studio Version 17
VisualStudioVersion = 17.1.32414.318
MinimumVisualStudioVersion = 10.0.40219.1
Project("{2150E333-8FDC-42A3-9474-1A3956D46DE8}") = "Microservices", "Microservices", "{2B947001-C3C6-47D2-BFC9-D68A7D72AAAC}"
EndProject
Project("{9A19103F-16F7-4668-BE54-9A1E7A4F7556}") = "CustomerWebApi", "CustomerWebApi\CustomerWebApi.csproj", "{4EAC7ECF-B777-4DCE-BEAF-8BC875188D09}"
EndProject
Project("{E53339B2-1760-4266-BCC7-CA923CBCF16C}") = "docker-compose", "docker-compose.dcproj", "{D00B1C36-22E7-4B17-96C4-99E0EAAFA3ED}"
EndProject
Project("{9A19103F-16F7-4668-BE54-9A1E7A4F7556}") = "ProductWebApi", "ProductWebApi\ProductWebApi.csproj", "{D714DAE8-6A63-4DC0-9184-B942E56EDEAB}"
EndProject
Project("{9A19103F-16F7-4668-BE54-9A1E7A4F7556}") = "OrderWebApi", "OrderWebApi\OrderWebApi.csproj", "{C73F9EA0-BD0D-4B4D-9F34-5BA91F055F75}"
EndProject
Project("{2150E333-8FDC-42A3-9474-1A3956D46DE8}") = "ApiGateway", "ApiGateway", "{EE2C0224-8662-49A2-9F66-ED47B9BFBB2D}"
EndProject
Project("{9A19103F-16F7-4668-BE54-9A1E7A4F7556}") = "ApiGateway", "ApiGateway\ApiGateway.csproj", "{3BD63280-F9EB-4978-AE5A-3324BFD7C143}"
EndProject
Project("{2150E333-8FDC-42A3-9474-1A3956D46DE8}") = "UI", "UI", "{BF2E0098-3F2F-43FD-80D4-108EE255EC68}"
EndProject
Project("{9A19103F-16F7-4668-BE54-9A1E7A4F7556}") = "BlazorServerWebUI", "BlazorServerWebUI\BlazorServerWebUI.csproj", "{BDDC7CB5-D948-42D3-92AD-CDC8B4DD65BB}"
EndProject
Global
	GlobalSection(SolutionConfigurationPlatforms) = preSolution
		Debug|Any CPU = Debug|Any CPU
		Release|Any CPU = Release|Any CPU
	EndGlobalSection
	GlobalSection(ProjectConfigurationPlatforms) = postSolution
		{4EAC7ECF-B777-4DCE-BEAF-8BC875188D09}.Debug|Any CPU.ActiveCfg = Debug|Any CPU
		{4EAC7ECF-B777-4DCE-BEAF-8BC875188D09}.Debug|Any CPU.Build.0 = Debug|Any CPU
		{4EAC7ECF-B777-4DCE-BEAF-8BC875188D09}.Release|Any CPU.ActiveCfg = Release|Any CPU
		{4EAC7ECF-B777-4DCE-BEAF-8BC875188D09}.Release|Any CPU.Build.0 = Release|Any CPU
		{D00B1C36-22E7-4B17-96C4-99E0EAAFA3ED}.Debug|Any CPU.ActiveCfg = Debug|Any CPU
		{D00B1C36-22E7-4B17-96C4-99E0EAAFA3ED}.Debug|Any CPU.Build.0 = Debug|Any CPU
		{D00B1C36-22E7-4B17-96C4-99E0EAAFA3ED}.Release|Any CPU.ActiveCfg = Release|Any CPU
		{D00B1C36-22E7-4B17-96C4-99E0EAAFA3ED}.Release|Any CPU.Build.0 = Release|Any CPU
		{D714DAE8-6A63-4DC0-9184-B942E56EDEAB}.Debug|Any CPU.ActiveCfg = Debug|Any CPU
		{D714DAE8-6A63-4DC0-9184-B942E56EDEAB}.Debug|Any CPU.Build.0 = Debug|Any CPU
		{D714DAE8-6A63-4DC0-9184-B942E56EDEAB}.Release|Any CPU.ActiveCfg = Release|Any CPU
		{D714DAE8-6A63-4DC0-9184-B942E56EDEAB}.Release|Any CPU.Build.0 = Release|Any CPU
		{C73F9EA0-BD0D-4B4D-9F34-5BA91F055F75}.Debug|Any CPU.ActiveCfg = Debug|Any CPU
		{C73F9EA0-BD0D-4B4D-9F34-5BA91F055F75}.Debug|Any CPU.Build.0 = Debug|Any CPU
		{C73F9EA0-BD0D-4B4D-9F34-5BA91F055F75}.Release|Any CPU.ActiveCfg = Release|Any CPU
		{C73F9EA0-BD0D-4B4D-9F34-5BA91F055F75}.Release|Any CPU.Build.0 = Release|Any CPU
		{3BD63280-F9EB-4978-AE5A-3324BFD7C143}.Debug|Any CPU.ActiveCfg = Debug|Any CPU
		{3BD63280-F9EB-4978-AE5A-3324BFD7C143}.Debug|Any CPU.Build.0 = Debug|Any CPU
		{3BD63280-F9EB-4978-AE5A-3324BFD7C143}.Release|Any CPU.ActiveCfg = Release|Any CPU
		{3BD63280-F9EB-4978-AE5A-3324BFD7C143}.Release|Any CPU.Build.0 = Release|Any CPU
		{BDDC7CB5-D948-42D3-92AD-CDC8B4DD65BB}.Debug|Any CPU.ActiveCfg = Debug|Any CPU
		{BDDC7CB5-D948-42D3-92AD-CDC8B4DD65BB}.Debug|Any CPU.Build.0 = Debug|Any CPU
		{BDDC7CB5-D948-42D3-92AD-CDC8B4DD65BB}.Release|Any CPU.ActiveCfg = Release|Any CPU
		{BDDC7CB5-D948-42D3-92AD-CDC8B4DD65BB}.Release|Any CPU.Build.0 = Release|Any CPU
	EndGlobalSection
	GlobalSection(SolutionProperties) = preSolution
		HideSolutionNode = FALSE
	EndGlobalSection
	GlobalSection(NestedProjects) = preSolution
		{4EAC7ECF-B777-4DCE-BEAF-8BC875188D09} = {2B947001-C3C6-47D2-BFC9-D68A7D72AAAC}
		{D714DAE8-6A63-4DC0-9184-B942E56EDEAB} = {2B947001-C3C6-47D2-BFC9-D68A7D72AAAC}
		{C73F9EA0-BD0D-4B4D-9F34-5BA91F055F75} = {2B947001-C3C6-47D2-BFC9-D68A7D72AAAC}
		{3BD63280-F9EB-4978-AE5A-3324BFD7C143} = {EE2C0224-8662-49A2-9F66-ED47B9BFBB2D}
		{BDDC7CB5-D948-42D3-92AD-CDC8B4DD65BB} = {BF2E0098-3F2F-43FD-80D4-108EE255EC68}
	EndGlobalSection
	GlobalSection(ExtensibilityGlobals) = postSolution
		SolutionGuid = {5DE9B6CB-0BEA-4BFB-8CD6-9928D54BB4DA}
	EndGlobalSection
EndGlobal
